
Microsoft Visual Studio Solution File, Format Version 12.00
# Visual Studio 15
VisualStudioVersion = 15.0.27130.2010
MinimumVisualStudioVersion = 10.0.40219.1
Project("{9A19103F-16F7-4668-BE54-9A1E7A4F7556}") = "ApiRaspbian", "Api\ApiRaspbian.csproj", "{241F8731-4F0B-4325-8613-5985E38B47DB}"
EndProject
Project("{9A19103F-16F7-4668-BE54-9A1E7A4F7556}") = "Infra.Full", "Platform\Infra.Full\Infra.Full.csproj", "{B80E5A3A-F6F4-4EF3-B96C-55C7E5A40185}"
EndProject
Project("{9A19103F-16F7-4668-BE54-9A1E7A4F7556}") = "Infra.WebHost", "Platform\Infra.WebHost\Infra.WebHost.csproj", "{49199FFB-88C5-4F3D-91F1-3AFE3E66E1CE}"
EndProject
Project("{9A19103F-16F7-4668-BE54-9A1E7A4F7556}") = "Infra.Data", "Platform\Infra.Data\Infra.Data.csproj", "{41064206-FE03-4152-B581-B81826AE17A5}"
EndProject
Project("{9A19103F-16F7-4668-BE54-9A1E7A4F7556}") = "Infra.HealthCheck", "Platform\Infra.HealthCheck\Infra.HealthCheck.csproj", "{FCD153A2-843A-44AA-A072-693E3D5AADA1}"
EndProject
Project("{FAE04EC0-301F-11D3-BF4B-00C04F79EFBC}") = "GoogleTestApi", "GoogleTestApi\GoogleTestApi.csproj", "{8DE5307D-AAB6-469D-B706-703E792B599B}"
EndProject
Global
	GlobalSection(SolutionConfigurationPlatforms) = preSolution
		Debug|Any CPU = Debug|Any CPU
		Release|Any CPU = Release|Any CPU
	EndGlobalSection
	GlobalSection(ProjectConfigurationPlatforms) = postSolution
		{241F8731-4F0B-4325-8613-5985E38B47DB}.Debug|Any CPU.ActiveCfg = Debug|Any CPU
		{241F8731-4F0B-4325-8613-5985E38B47DB}.Debug|Any CPU.Build.0 = Debug|Any CPU
		{241F8731-4F0B-4325-8613-5985E38B47DB}.Release|Any CPU.ActiveCfg = Release|Any CPU
		{241F8731-4F0B-4325-8613-5985E38B47DB}.Release|Any CPU.Build.0 = Release|Any CPU
		{B80E5A3A-F6F4-4EF3-B96C-55C7E5A40185}.Debug|Any CPU.ActiveCfg = Debug|Any CPU
		{B80E5A3A-F6F4-4EF3-B96C-55C7E5A40185}.Debug|Any CPU.Build.0 = Debug|Any CPU
		{B80E5A3A-F6F4-4EF3-B96C-55C7E5A40185}.Release|Any CPU.ActiveCfg = Release|Any CPU
		{B80E5A3A-F6F4-4EF3-B96C-55C7E5A40185}.Release|Any CPU.Build.0 = Release|Any CPU
		{49199FFB-88C5-4F3D-91F1-3AFE3E66E1CE}.Debug|Any CPU.ActiveCfg = Debug|Any CPU
		{49199FFB-88C5-4F3D-91F1-3AFE3E66E1CE}.Debug|Any CPU.Build.0 = Debug|Any CPU
		{49199FFB-88C5-4F3D-91F1-3AFE3E66E1CE}.Release|Any CPU.ActiveCfg = Release|Any CPU
		{49199FFB-88C5-4F3D-91F1-3AFE3E66E1CE}.Release|Any CPU.Build.0 = Release|Any CPU
		{41064206-FE03-4152-B581-B81826AE17A5}.Debug|Any CPU.ActiveCfg = Debug|Any CPU
		{41064206-FE03-4152-B581-B81826AE17A5}.Debug|Any CPU.Build.0 = Debug|Any CPU
		{41064206-FE03-4152-B581-B81826AE17A5}.Release|Any CPU.ActiveCfg = Release|Any CPU
		{41064206-FE03-4152-B581-B81826AE17A5}.Release|Any CPU.Build.0 = Release|Any CPU
		{FCD153A2-843A-44AA-A072-693E3D5AADA1}.Debug|Any CPU.ActiveCfg = Debug|Any CPU
		{FCD153A2-843A-44AA-A072-693E3D5AADA1}.Debug|Any CPU.Build.0 = Debug|Any CPU
		{FCD153A2-843A-44AA-A072-693E3D5AADA1}.Release|Any CPU.ActiveCfg = Release|Any CPU
		{FCD153A2-843A-44AA-A072-693E3D5AADA1}.Release|Any CPU.Build.0 = Release|Any CPU
		{8DE5307D-AAB6-469D-B706-703E792B599B}.Debug|Any CPU.ActiveCfg = Debug|Any CPU
		{8DE5307D-AAB6-469D-B706-703E792B599B}.Debug|Any CPU.Build.0 = Debug|Any CPU
		{8DE5307D-AAB6-469D-B706-703E792B599B}.Release|Any CPU.ActiveCfg = Release|Any CPU
		{8DE5307D-AAB6-469D-B706-703E792B599B}.Release|Any CPU.Build.0 = Release|Any CPU
	EndGlobalSection
	GlobalSection(SolutionProperties) = preSolution
		HideSolutionNode = FALSE
	EndGlobalSection
	GlobalSection(ExtensibilityGlobals) = postSolution
		SolutionGuid = {CCAFA839-EF80-4C81-A75F-C7669D9F8EA6}
	EndGlobalSection
EndGlobal
